// !$*UTF8*$!
{
	archiveVersion = 1;
	classes = {
	};
	objectVersion = 56;
	objects = {

/* Begin PBXBuildFile section */
		1460EF262A37ADDD008A0847 /* GoatCodeApp.swift in Sources */ = {isa = PBXBuildFile; fileRef = 1460EF252A37ADDD008A0847 /* GoatCodeApp.swift */; };
		1460EF2A2A37ADDF008A0847 /* Assets.xcassets in Resources */ = {isa = PBXBuildFile; fileRef = 1460EF292A37ADDF008A0847 /* Assets.xcassets */; };
		1460EF2D2A37ADDF008A0847 /* Preview Assets.xcassets in Resources */ = {isa = PBXBuildFile; fileRef = 1460EF2C2A37ADDF008A0847 /* Preview Assets.xcassets */; };
		1460EF3C2A37ADDF008A0847 /* GoatCodeTests.swift in Sources */ = {isa = PBXBuildFile; fileRef = 1460EF3B2A37ADDF008A0847 /* GoatCodeTests.swift */; };
		1460EF462A37ADDF008A0847 /* GoatCodeUITests.swift in Sources */ = {isa = PBXBuildFile; fileRef = 1460EF452A37ADDF008A0847 /* GoatCodeUITests.swift */; };
		1460EF482A37ADDF008A0847 /* GoatCodeUITestsLaunchTests.swift in Sources */ = {isa = PBXBuildFile; fileRef = 1460EF472A37ADDF008A0847 /* GoatCodeUITestsLaunchTests.swift */; };
		1496893D2A5786FD000A8E4F /* HomePage.swift in Sources */ = {isa = PBXBuildFile; fileRef = 1496893C2A5786FD000A8E4F /* HomePage.swift */; };
		1496893F2A579097000A8E4F /* UnitPage.swift in Sources */ = {isa = PBXBuildFile; fileRef = 1496893E2A579097000A8E4F /* UnitPage.swift */; };
		149689412A579414000A8E4F /* LevelPage.swift in Sources */ = {isa = PBXBuildFile; fileRef = 149689402A579414000A8E4F /* LevelPage.swift */; };
		457079112A8841AB0093EA5C /* CurriculumContent.swift in Sources */ = {isa = PBXBuildFile; fileRef = 457079102A8841AB0093EA5C /* CurriculumContent.swift */; };
		457079132A8843790093EA5C /* LessonPictures.xcassets in Resources */ = {isa = PBXBuildFile; fileRef = 457079122A8843790093EA5C /* LessonPictures.xcassets */; };
		4570791A2A88C91F0093EA5C /* minecraft_font.ttf in Resources */ = {isa = PBXBuildFile; fileRef = 457079192A88C9120093EA5C /* minecraft_font.ttf */; };
/* End PBXBuildFile section */

/* Begin PBXContainerItemProxy section */
		1460EF382A37ADDF008A0847 /* PBXContainerItemProxy */ = {
			isa = PBXContainerItemProxy;
			containerPortal = 1460EF1A2A37ADDD008A0847 /* Project object */;
			proxyType = 1;
			remoteGlobalIDString = 1460EF212A37ADDD008A0847;
			remoteInfo = GoatCode;
		};
		1460EF422A37ADDF008A0847 /* PBXContainerItemProxy */ = {
			isa = PBXContainerItemProxy;
			containerPortal = 1460EF1A2A37ADDD008A0847 /* Project object */;
			proxyType = 1;
			remoteGlobalIDString = 1460EF212A37ADDD008A0847;
			remoteInfo = GoatCode;
		};
/* End PBXContainerItemProxy section */

/* Begin PBXFileReference section */
		1460EF222A37ADDD008A0847 /* GoatCode.app */ = {isa = PBXFileReference; explicitFileType = wrapper.application; includeInIndex = 0; path = GoatCode.app; sourceTree = BUILT_PRODUCTS_DIR; };
		1460EF252A37ADDD008A0847 /* GoatCodeApp.swift */ = {isa = PBXFileReference; lastKnownFileType = sourcecode.swift; path = GoatCodeApp.swift; sourceTree = "<group>"; };
		1460EF292A37ADDF008A0847 /* Assets.xcassets */ = {isa = PBXFileReference; lastKnownFileType = folder.assetcatalog; path = Assets.xcassets; sourceTree = "<group>"; };
		1460EF2C2A37ADDF008A0847 /* Preview Assets.xcassets */ = {isa = PBXFileReference; lastKnownFileType = folder.assetcatalog; path = "Preview Assets.xcassets"; sourceTree = "<group>"; };
		1460EF372A37ADDF008A0847 /* GoatCodeTests.xctest */ = {isa = PBXFileReference; explicitFileType = wrapper.cfbundle; includeInIndex = 0; path = GoatCodeTests.xctest; sourceTree = BUILT_PRODUCTS_DIR; };
		1460EF3B2A37ADDF008A0847 /* GoatCodeTests.swift */ = {isa = PBXFileReference; lastKnownFileType = sourcecode.swift; path = GoatCodeTests.swift; sourceTree = "<group>"; };
		1460EF412A37ADDF008A0847 /* GoatCodeUITests.xctest */ = {isa = PBXFileReference; explicitFileType = wrapper.cfbundle; includeInIndex = 0; path = GoatCodeUITests.xctest; sourceTree = BUILT_PRODUCTS_DIR; };
		1460EF452A37ADDF008A0847 /* GoatCodeUITests.swift */ = {isa = PBXFileReference; lastKnownFileType = sourcecode.swift; path = GoatCodeUITests.swift; sourceTree = "<group>"; };
		1460EF472A37ADDF008A0847 /* GoatCodeUITestsLaunchTests.swift */ = {isa = PBXFileReference; lastKnownFileType = sourcecode.swift; path = GoatCodeUITestsLaunchTests.swift; sourceTree = "<group>"; };
		1496893C2A5786FD000A8E4F /* HomePage.swift */ = {isa = PBXFileReference; lastKnownFileType = sourcecode.swift; path = HomePage.swift; sourceTree = "<group>"; };
		1496893E2A579097000A8E4F /* UnitPage.swift */ = {isa = PBXFileReference; lastKnownFileType = sourcecode.swift; path = UnitPage.swift; sourceTree = "<group>"; };
		149689402A579414000A8E4F /* LevelPage.swift */ = {isa = PBXFileReference; lastKnownFileType = sourcecode.swift; path = LevelPage.swift; sourceTree = "<group>"; };
		457079102A8841AB0093EA5C /* CurriculumContent.swift */ = {isa = PBXFileReference; lastKnownFileType = sourcecode.swift; path = CurriculumContent.swift; sourceTree = "<group>"; };
		457079122A8843790093EA5C /* LessonPictures.xcassets */ = {isa = PBXFileReference; lastKnownFileType = folder.assetcatalog; path = LessonPictures.xcassets; sourceTree = "<group>"; };
		457079192A88C9120093EA5C /* minecraft_font.ttf */ = {isa = PBXFileReference; lastKnownFileType = file; path = minecraft_font.ttf; sourceTree = "<group>"; };
/* End PBXFileReference section */

/* Begin PBXFrameworksBuildPhase section */
		1460EF1F2A37ADDD008A0847 /* Frameworks */ = {
			isa = PBXFrameworksBuildPhase;
			buildActionMask = 2147483647;
			files = (
			);
			runOnlyForDeploymentPostprocessing = 0;
		};
		1460EF342A37ADDF008A0847 /* Frameworks */ = {
			isa = PBXFrameworksBuildPhase;
			buildActionMask = 2147483647;
			files = (
			);
			runOnlyForDeploymentPostprocessing = 0;
		};
		1460EF3E2A37ADDF008A0847 /* Frameworks */ = {
			isa = PBXFrameworksBuildPhase;
			buildActionMask = 2147483647;
			files = (
			);
			runOnlyForDeploymentPostprocessing = 0;
		};
/* End PBXFrameworksBuildPhase section */

/* Begin PBXGroup section */
		1460EF192A37ADDD008A0847 = {
			isa = PBXGroup;
			children = (
				1460EF242A37ADDD008A0847 /* GoatCode */,
				1460EF3A2A37ADDF008A0847 /* GoatCodeTests */,
				1460EF442A37ADDF008A0847 /* GoatCodeUITests */,
				1460EF232A37ADDD008A0847 /* Products */,
			);
			sourceTree = "<group>";
		};
		1460EF232A37ADDD008A0847 /* Products */ = {
			isa = PBXGroup;
			children = (
				1460EF222A37ADDD008A0847 /* GoatCode.app */,
				1460EF372A37ADDF008A0847 /* GoatCodeTests.xctest */,
				1460EF412A37ADDF008A0847 /* GoatCodeUITests.xctest */,
			);
			name = Products;
			sourceTree = "<group>";
		};
		1460EF242A37ADDD008A0847 /* GoatCode */ = {
			isa = PBXGroup;
			children = (
				1460EF252A37ADDD008A0847 /* GoatCodeApp.swift */,
				1496893C2A5786FD000A8E4F /* HomePage.swift */,
				1496893E2A579097000A8E4F /* UnitPage.swift */,
				149689402A579414000A8E4F /* LevelPage.swift */,
				457079102A8841AB0093EA5C /* CurriculumContent.swift */,
				457079122A8843790093EA5C /* LessonPictures.xcassets */,
				1460EF292A37ADDF008A0847 /* Assets.xcassets */,
				457079192A88C9120093EA5C /* minecraft_font.ttf */,
				1460EF2B2A37ADDF008A0847 /* Preview Content */,
			);
			path = GoatCode;
			sourceTree = "<group>";
		};
		1460EF2B2A37ADDF008A0847 /* Preview Content */ = {
			isa = PBXGroup;
			children = (
				1460EF2C2A37ADDF008A0847 /* Preview Assets.xcassets */,
			);
			path = "Preview Content";
			sourceTree = "<group>";
		};
		1460EF3A2A37ADDF008A0847 /* GoatCodeTests */ = {
			isa = PBXGroup;
			children = (
				1460EF3B2A37ADDF008A0847 /* GoatCodeTests.swift */,
			);
			path = GoatCodeTests;
			sourceTree = "<group>";
		};
		1460EF442A37ADDF008A0847 /* GoatCodeUITests */ = {
			isa = PBXGroup;
			children = (
				1460EF452A37ADDF008A0847 /* GoatCodeUITests.swift */,
				1460EF472A37ADDF008A0847 /* GoatCodeUITestsLaunchTests.swift */,
			);
			path = GoatCodeUITests;
			sourceTree = "<group>";
		};
/* End PBXGroup section */

/* Begin PBXNativeTarget section */
		1460EF212A37ADDD008A0847 /* GoatCode */ = {
			isa = PBXNativeTarget;
			buildConfigurationList = 1460EF4B2A37ADDF008A0847 /* Build configuration list for PBXNativeTarget "GoatCode" */;
			buildPhases = (
				1460EF1E2A37ADDD008A0847 /* Sources */,
				1460EF1F2A37ADDD008A0847 /* Frameworks */,
				1460EF202A37ADDD008A0847 /* Resources */,
			);
			buildRules = (
			);
			dependencies = (
			);
			name = GoatCode;
			productName = GoatCode;
			productReference = 1460EF222A37ADDD008A0847 /* GoatCode.app */;
			productType = "com.apple.product-type.application";
		};
		1460EF362A37ADDF008A0847 /* GoatCodeTests */ = {
			isa = PBXNativeTarget;
			buildConfigurationList = 1460EF4E2A37ADDF008A0847 /* Build configuration list for PBXNativeTarget "GoatCodeTests" */;
			buildPhases = (
				1460EF332A37ADDF008A0847 /* Sources */,
				1460EF342A37ADDF008A0847 /* Frameworks */,
				1460EF352A37ADDF008A0847 /* Resources */,
			);
			buildRules = (
			);
			dependencies = (
				1460EF392A37ADDF008A0847 /* PBXTargetDependency */,
			);
			name = GoatCodeTests;
			productName = GoatCodeTests;
			productReference = 1460EF372A37ADDF008A0847 /* GoatCodeTests.xctest */;
			productType = "com.apple.product-type.bundle.unit-test";
		};
		1460EF402A37ADDF008A0847 /* GoatCodeUITests */ = {
			isa = PBXNativeTarget;
			buildConfigurationList = 1460EF512A37ADDF008A0847 /* Build configuration list for PBXNativeTarget "GoatCodeUITests" */;
			buildPhases = (
				1460EF3D2A37ADDF008A0847 /* Sources */,
				1460EF3E2A37ADDF008A0847 /* Frameworks */,
				1460EF3F2A37ADDF008A0847 /* Resources */,
			);
			buildRules = (
			);
			dependencies = (
				1460EF432A37ADDF008A0847 /* PBXTargetDependency */,
			);
			name = GoatCodeUITests;
			productName = GoatCodeUITests;
			productReference = 1460EF412A37ADDF008A0847 /* GoatCodeUITests.xctest */;
			productType = "com.apple.product-type.bundle.ui-testing";
		};
/* End PBXNativeTarget section */

/* Begin PBXProject section */
		1460EF1A2A37ADDD008A0847 /* Project object */ = {
			isa = PBXProject;
			attributes = {
				BuildIndependentTargetsInParallel = 1;
				LastSwiftUpdateCheck = 1430;
				LastUpgradeCheck = 1430;
				TargetAttributes = {
					1460EF212A37ADDD008A0847 = {
						CreatedOnToolsVersion = 14.3.1;
					};
					1460EF362A37ADDF008A0847 = {
						CreatedOnToolsVersion = 14.3.1;
						TestTargetID = 1460EF212A37ADDD008A0847;
					};
					1460EF402A37ADDF008A0847 = {
						CreatedOnToolsVersion = 14.3.1;
						TestTargetID = 1460EF212A37ADDD008A0847;
					};
				};
			};
			buildConfigurationList = 1460EF1D2A37ADDD008A0847 /* Build configuration list for PBXProject "GoatCode" */;
			compatibilityVersion = "Xcode 14.0";
			developmentRegion = en;
			hasScannedForEncodings = 0;
			knownRegions = (
				en,
				Base,
			);
			mainGroup = 1460EF192A37ADDD008A0847;
			productRefGroup = 1460EF232A37ADDD008A0847 /* Products */;
			projectDirPath = "";
			projectRoot = "";
			targets = (
				1460EF212A37ADDD008A0847 /* GoatCode */,
				1460EF362A37ADDF008A0847 /* GoatCodeTests */,
				1460EF402A37ADDF008A0847 /* GoatCodeUITests */,
			);
		};
/* End PBXProject section */

/* Begin PBXResourcesBuildPhase section */
		1460EF202A37ADDD008A0847 /* Resources */ = {
			isa = PBXResourcesBuildPhase;
			buildActionMask = 2147483647;
			files = (
				1460EF2D2A37ADDF008A0847 /* Preview Assets.xcassets in Resources */,
				4570791A2A88C91F0093EA5C /* minecraft_font.ttf in Resources */,
				457079132A8843790093EA5C /* LessonPictures.xcassets in Resources */,
				1460EF2A2A37ADDF008A0847 /* Assets.xcassets in Resources */,
			);
			runOnlyForDeploymentPostprocessing = 0;
		};
		1460EF352A37ADDF008A0847 /* Resources */ = {
			isa = PBXResourcesBuildPhase;
			buildActionMask = 2147483647;
			files = (
			);
			runOnlyForDeploymentPostprocessing = 0;
		};
		1460EF3F2A37ADDF008A0847 /* Resources */ = {
			isa = PBXResourcesBuildPhase;
			buildActionMask = 2147483647;
			files = (
			);
			runOnlyForDeploymentPostprocessing = 0;
		};
/* End PBXResourcesBuildPhase section */

/* Begin PBXSourcesBuildPhase section */
		1460EF1E2A37ADDD008A0847 /* Sources */ = {
			isa = PBXSourcesBuildPhase;
			buildActionMask = 2147483647;
			files = (
				1496893D2A5786FD000A8E4F /* HomePage.swift in Sources */,
				457079112A8841AB0093EA5C /* CurriculumContent.swift in Sources */,
				1496893F2A579097000A8E4F /* UnitPage.swift in Sources */,
				1460EF262A37ADDD008A0847 /* GoatCodeApp.swift in Sources */,
				149689412A579414000A8E4F /* LevelPage.swift in Sources */,
			);
			runOnlyForDeploymentPostprocessing = 0;
		};
		1460EF332A37ADDF008A0847 /* Sources */ = {
			isa = PBXSourcesBuildPhase;
			buildActionMask = 2147483647;
			files = (
				1460EF3C2A37ADDF008A0847 /* GoatCodeTests.swift in Sources */,
			);
			runOnlyForDeploymentPostprocessing = 0;
		};
		1460EF3D2A37ADDF008A0847 /* Sources */ = {
			isa = PBXSourcesBuildPhase;
			buildActionMask = 2147483647;
			files = (
				1460EF482A37ADDF008A0847 /* GoatCodeUITestsLaunchTests.swift in Sources */,
				1460EF462A37ADDF008A0847 /* GoatCodeUITests.swift in Sources */,
			);
			runOnlyForDeploymentPostprocessing = 0;
		};
/* End PBXSourcesBuildPhase section */

/* Begin PBXTargetDependency section */
		1460EF392A37ADDF008A0847 /* PBXTargetDependency */ = {
			isa = PBXTargetDependency;
			target = 1460EF212A37ADDD008A0847 /* GoatCode */;
			targetProxy = 1460EF382A37ADDF008A0847 /* PBXContainerItemProxy */;
		};
		1460EF432A37ADDF008A0847 /* PBXTargetDependency */ = {
			isa = PBXTargetDependency;
			target = 1460EF212A37ADDD008A0847 /* GoatCode */;
			targetProxy = 1460EF422A37ADDF008A0847 /* PBXContainerItemProxy */;
		};
/* End PBXTargetDependency section */

/* Begin XCBuildConfiguration section */
		1460EF492A37ADDF008A0847 /* Debug */ = {
			isa = XCBuildConfiguration;
			buildSettings = {
				ALWAYS_SEARCH_USER_PATHS = NO;
				CLANG_ANALYZER_NONNULL = YES;
				CLANG_ANALYZER_NUMBER_OBJECT_CONVERSION = YES_AGGRESSIVE;
				CLANG_CXX_LANGUAGE_STANDARD = "gnu++20";
				CLANG_ENABLE_MODULES = YES;
				CLANG_ENABLE_OBJC_ARC = YES;
				CLANG_ENABLE_OBJC_WEAK = YES;
				CLANG_WARN_BLOCK_CAPTURE_AUTORELEASING = YES;
				CLANG_WARN_BOOL_CONVERSION = YES;
				CLANG_WARN_COMMA = YES;
				CLANG_WARN_CONSTANT_CONVERSION = YES;
				CLANG_WARN_DEPRECATED_OBJC_IMPLEMENTATIONS = YES;
				CLANG_WARN_DIRECT_OBJC_ISA_USAGE = YES_ERROR;
				CLANG_WARN_DOCUMENTATION_COMMENTS = YES;
				CLANG_WARN_EMPTY_BODY = YES;
				CLANG_WARN_ENUM_CONVERSION = YES;
				CLANG_WARN_INFINITE_RECURSION = YES;
				CLANG_WARN_INT_CONVERSION = YES;
				CLANG_WARN_NON_LITERAL_NULL_CONVERSION = YES;
				CLANG_WARN_OBJC_IMPLICIT_RETAIN_SELF = YES;
				CLANG_WARN_OBJC_LITERAL_CONVERSION = YES;
				CLANG_WARN_OBJC_ROOT_CLASS = YES_ERROR;
				CLANG_WARN_QUOTED_INCLUDE_IN_FRAMEWORK_HEADER = YES;
				CLANG_WARN_RANGE_LOOP_ANALYSIS = YES;
				CLANG_WARN_STRICT_PROTOTYPES = YES;
				CLANG_WARN_SUSPICIOUS_MOVE = YES;
				CLANG_WARN_UNGUARDED_AVAILABILITY = YES_AGGRESSIVE;
				CLANG_WARN_UNREACHABLE_CODE = YES;
				CLANG_WARN__DUPLICATE_METHOD_MATCH = YES;
				COPY_PHASE_STRIP = NO;
				DEBUG_INFORMATION_FORMAT = dwarf;
				ENABLE_STRICT_OBJC_MSGSEND = YES;
				ENABLE_TESTABILITY = YES;
				GCC_C_LANGUAGE_STANDARD = gnu11;
				GCC_DYNAMIC_NO_PIC = NO;
				GCC_NO_COMMON_BLOCKS = YES;
				GCC_OPTIMIZATION_LEVEL = 0;
				GCC_PREPROCESSOR_DEFINITIONS = (
					"DEBUG=1",
					"$(inherited)",
				);
				GCC_WARN_64_TO_32_BIT_CONVERSION = YES;
				GCC_WARN_ABOUT_RETURN_TYPE = YES_ERROR;
				GCC_WARN_UNDECLARED_SELECTOR = YES;
				GCC_WARN_UNINITIALIZED_AUTOS = YES_AGGRESSIVE;
				GCC_WARN_UNUSED_FUNCTION = YES;
				GCC_WARN_UNUSED_VARIABLE = YES;
				IPHONEOS_DEPLOYMENT_TARGET = 16.4;
				MTL_ENABLE_DEBUG_INFO = INCLUDE_SOURCE;
				MTL_FAST_MATH = YES;
				ONLY_ACTIVE_ARCH = YES;
				SDKROOT = iphoneos;
				SWIFT_ACTIVE_COMPILATION_CONDITIONS = DEBUG;
				SWIFT_OPTIMIZATION_LEVEL = "-Onone";
			};
			name = Debug;
		};
		1460EF4A2A37ADDF008A0847 /* Release */ = {
			isa = XCBuildConfiguration;
			buildSettings = {
				ALWAYS_SEARCH_USER_PATHS = NO;
				CLANG_ANALYZER_NONNULL = YES;
				CLANG_ANALYZER_NUMBER_OBJECT_CONVERSION = YES_AGGRESSIVE;
				CLANG_CXX_LANGUAGE_STANDARD = "gnu++20";
				CLANG_ENABLE_MODULES = YES;
				CLANG_ENABLE_OBJC_ARC = YES;
				CLANG_ENABLE_OBJC_WEAK = YES;
				CLANG_WARN_BLOCK_CAPTURE_AUTORELEASING = YES;
				CLANG_WARN_BOOL_CONVERSION = YES;
				CLANG_WARN_COMMA = YES;
				CLANG_WARN_CONSTANT_CONVERSION = YES;
				CLANG_WARN_DEPRECATED_OBJC_IMPLEMENTATIONS = YES;
				CLANG_WARN_DIRECT_OBJC_ISA_USAGE = YES_ERROR;
				CLANG_WARN_DOCUMENTATION_COMMENTS = YES;
				CLANG_WARN_EMPTY_BODY = YES;
				CLANG_WARN_ENUM_CONVERSION = YES;
				CLANG_WARN_INFINITE_RECURSION = YES;
				CLANG_WARN_INT_CONVERSION = YES;
				CLANG_WARN_NON_LITERAL_NULL_CONVERSION = YES;
				CLANG_WARN_OBJC_IMPLICIT_RETAIN_SELF = YES;
				CLANG_WARN_OBJC_LITERAL_CONVERSION = YES;
				CLANG_WARN_OBJC_ROOT_CLASS = YES_ERROR;
				CLANG_WARN_QUOTED_INCLUDE_IN_FRAMEWORK_HEADER = YES;
				CLANG_WARN_RANGE_LOOP_ANALYSIS = YES;
				CLANG_WARN_STRICT_PROTOTYPES = YES;
				CLANG_WARN_SUSPICIOUS_MOVE = YES;
				CLANG_WARN_UNGUARDED_AVAILABILITY = YES_AGGRESSIVE;
				CLANG_WARN_UNREACHABLE_CODE = YES;
				CLANG_WARN__DUPLICATE_METHOD_MATCH = YES;
				COPY_PHASE_STRIP = NO;
				DEBUG_INFORMATION_FORMAT = "dwarf-with-dsym";
				ENABLE_NS_ASSERTIONS = NO;
				ENABLE_STRICT_OBJC_MSGSEND = YES;
				GCC_C_LANGUAGE_STANDARD = gnu11;
				GCC_NO_COMMON_BLOCKS = YES;
				GCC_WARN_64_TO_32_BIT_CONVERSION = YES;
				GCC_WARN_ABOUT_RETURN_TYPE = YES_ERROR;
				GCC_WARN_UNDECLARED_SELECTOR = YES;
				GCC_WARN_UNINITIALIZED_AUTOS = YES_AGGRESSIVE;
				GCC_WARN_UNUSED_FUNCTION = YES;
				GCC_WARN_UNUSED_VARIABLE = YES;
				IPHONEOS_DEPLOYMENT_TARGET = 16.4;
				MTL_ENABLE_DEBUG_INFO = NO;
				MTL_FAST_MATH = YES;
				SDKROOT = iphoneos;
				SWIFT_COMPILATION_MODE = wholemodule;
				SWIFT_OPTIMIZATION_LEVEL = "-O";
				VALIDATE_PRODUCT = YES;
			};
			name = Release;
		};
		1460EF4C2A37ADDF008A0847 /* Debug */ = {
			isa = XCBuildConfiguration;
			buildSettings = {
				ASSETCATALOG_COMPILER_APPICON_NAME = AppIcon;
				ASSETCATALOG_COMPILER_GLOBAL_ACCENT_COLOR_NAME = AccentColor;
				CODE_SIGN_STYLE = Automatic;
				CURRENT_PROJECT_VERSION = 1;
				DEVELOPMENT_ASSET_PATHS = "\"GoatCode/Preview Content\"";
				ENABLE_PREVIEWS = YES;
				GENERATE_INFOPLIST_FILE = YES;
				INFOPLIST_FILE = GoatCode/Info.plist;
				INFOPLIST_KEY_LSSupportsOpeningDocumentsInPlace = YES;
				INFOPLIST_KEY_UIApplicationSceneManifest_Generation = YES;
				INFOPLIST_KEY_UIApplicationSupportsIndirectInputEvents = YES;
				INFOPLIST_KEY_UILaunchScreen_Generation = YES;
				INFOPLIST_KEY_UISupportedInterfaceOrientations_iPad = "UIInterfaceOrientationPortrait UIInterfaceOrientationPortraitUpsideDown UIInterfaceOrientationLandscapeLeft UIInterfaceOrientationLandscapeRight";
				INFOPLIST_KEY_UISupportedInterfaceOrientations_iPhone = "UIInterfaceOrientationPortrait UIInterfaceOrientationLandscapeLeft UIInterfaceOrientationLandscapeRight";
				IPHONEOS_DEPLOYMENT_TARGET = 15.0;
				LD_RUNPATH_SEARCH_PATHS = (
					"$(inherited)",
					"@executable_path/Frameworks",
				);
				MARKETING_VERSION = 1.0;
				PRODUCT_BUNDLE_IDENTIFIER = com.MathTable.GoatCode;
				PRODUCT_NAME = "$(TARGET_NAME)";
				SWIFT_EMIT_LOC_STRINGS = YES;
				SWIFT_VERSION = 5.0;
				TARGETED_DEVICE_FAMILY = "1,2";
			};
			name = Debug;
		};
		1460EF4D2A37ADDF008A0847 /* Release */ = {
			isa = XCBuildConfiguration;
			buildSettings = {
				ASSETCATALOG_COMPILER_APPICON_NAME = AppIcon;
				ASSETCATALOG_COMPILER_GLOBAL_ACCENT_COLOR_NAME = AccentColor;
				CODE_SIGN_STYLE = Automatic;
				CURRENT_PROJECT_VERSION = 1;
				DEVELOPMENT_ASSET_PATHS = "\"GoatCode/Preview Content\"";
				ENABLE_PREVIEWS = YES;
				GENERATE_INFOPLIST_FILE = YES;
				INFOPLIST_FILE = GoatCode/Info.plist;
				INFOPLIST_KEY_LSSupportsOpeningDocumentsInPlace = YES;
				INFOPLIST_KEY_UIApplicationSceneManifest_Generation = YES;
				INFOPLIST_KEY_UIApplicationSupportsIndirectInputEvents = YES;
				INFOPLIST_KEY_UILaunchScreen_Generation = YES;
				INFOPLIST_KEY_UISupportedInterfaceOrientations_iPad = "UIInterfaceOrientationPortrait UIInterfaceOrientationPortraitUpsideDown UIInterfaceOrientationLandscapeLeft UIInterfaceOrientationLandscapeRight";
				INFOPLIST_KEY_UISupportedInterfaceOrientations_iPhone = "UIInterfaceOrientationPortrait UIInterfaceOrientationLandscapeLeft UIInterfaceOrientationLandscapeRight";
				IPHONEOS_DEPLOYMENT_TARGET = 15.0;
				LD_RUNPATH_SEARCH_PATHS = (
					"$(inherited)",
					"@executable_path/Frameworks",
				);
				MARKETING_VERSION = 1.0;
				PRODUCT_BUNDLE_IDENTIFIER = com.MathTable.GoatCode;
				PRODUCT_NAME = "$(TARGET_NAME)";
				SWIFT_EMIT_LOC_STRINGS = YES;
				SWIFT_VERSION = 5.0;
				TARGETED_DEVICE_FAMILY = "1,2";
			};
			name = Release;
		};
		1460EF4F2A37ADDF008A0847 /* Debug */ = {
			isa = XCBuildConfiguration;
			buildSettings = {
				ALWAYS_EMBED_SWIFT_STANDARD_LIBRARIES = YES;
				BUNDLE_LOADER = "$(TEST_HOST)";
				CODE_SIGN_STYLE = Automatic;
				CURRENT_PROJECT_VERSION = 1;
				GENERATE_INFOPLIST_FILE = YES;
				IPHONEOS_DEPLOYMENT_TARGET = 16.4;
				MARKETING_VERSION = 1.0;
				PRODUCT_BUNDLE_IDENTIFIER = com.MathTable.GoatCodeTests;
				PRODUCT_NAME = "$(TARGET_NAME)";
				SWIFT_EMIT_LOC_STRINGS = NO;
				SWIFT_VERSION = 5.0;
				TARGETED_DEVICE_FAMILY = "1,2";
				TEST_HOST = "$(BUILT_PRODUCTS_DIR)/GoatCode.app/$(BUNDLE_EXECUTABLE_FOLDER_PATH)/GoatCode";
			};
			name = Debug;
		};
		1460EF502A37ADDF008A0847 /* Release */ = {
			isa = XCBuildConfiguration;
			buildSettings = {
				ALWAYS_EMBED_SWIFT_STANDARD_LIBRARIES = YES;
				BUNDLE_LOADER = "$(TEST_HOST)";
				CODE_SIGN_STYLE = Automatic;
				CURRENT_PROJECT_VERSION = 1;
				GENERATE_INFOPLIST_FILE = YES;
				IPHONEOS_DEPLOYMENT_TARGET = 16.4;
				MARKETING_VERSION = 1.0;
				PRODUCT_BUNDLE_IDENTIFIER = com.MathTable.GoatCodeTests;
				PRODUCT_NAME = "$(TARGET_NAME)";
				SWIFT_EMIT_LOC_STRINGS = NO;
				SWIFT_VERSION = 5.0;
				TARGETED_DEVICE_FAMILY = "1,2";
				TEST_HOST = "$(BUILT_PRODUCTS_DIR)/GoatCode.app/$(BUNDLE_EXECUTABLE_FOLDER_PATH)/GoatCode";
			};
			name = Release;
		};
		1460EF522A37ADDF008A0847 /* Debug */ = {
			isa = XCBuildConfiguration;
			buildSettings = {
				ALWAYS_EMBED_SWIFT_STANDARD_LIBRARIES = YES;
				CODE_SIGN_STYLE = Automatic;
				CURRENT_PROJECT_VERSION = 1;
				GENERATE_INFOPLIST_FILE = YES;
				MARKETING_VERSION = 1.0;
				PRODUCT_BUNDLE_IDENTIFIER = com.MathTable.GoatCodeUITests;
				PRODUCT_NAME = "$(TARGET_NAME)";
				SWIFT_EMIT_LOC_STRINGS = NO;
				SWIFT_VERSION = 5.0;
				TARGETED_DEVICE_FAMILY = "1,2";
				TEST_TARGET_NAME = GoatCode;
			};
			name = Debug;
		};
		1460EF532A37ADDF008A0847 /* Release */ = {
			isa = XCBuildConfiguration;
			buildSettings = {
				ALWAYS_EMBED_SWIFT_STANDARD_LIBRARIES = YES;
				CODE_SIGN_STYLE = Automatic;
				CURRENT_PROJECT_VERSION = 1;
				GENERATE_INFOPLIST_FILE = YES;
				MARKETING_VERSION = 1.0;
				PRODUCT_BUNDLE_IDENTIFIER = com.MathTable.GoatCodeUITests;
				PRODUCT_NAME = "$(TARGET_NAME)";
				SWIFT_EMIT_LOC_STRINGS = NO;
				SWIFT_VERSION = 5.0;
				TARGETED_DEVICE_FAMILY = "1,2";
				TEST_TARGET_NAME = GoatCode;
			};
			name = Release;
		};
/* End XCBuildConfiguration section */

/* Begin XCConfigurationList section */
		1460EF1D2A37ADDD008A0847 /* Build configuration list for PBXProject "GoatCode" */ = {
			isa = XCConfigurationList;
			buildConfigurations = (
				1460EF492A37ADDF008A0847 /* Debug */,
				1460EF4A2A37ADDF008A0847 /* Release */,
			);
			defaultConfigurationIsVisible = 0;
			defaultConfigurationName = Release;
		};
		1460EF4B2A37ADDF008A0847 /* Build configuration list for PBXNativeTarget "GoatCode" */ = {
			isa = XCConfigurationList;
			buildConfigurations = (
				1460EF4C2A37ADDF008A0847 /* Debug */,
				1460EF4D2A37ADDF008A0847 /* Release */,
			);
			defaultConfigurationIsVisible = 0;
			defaultConfigurationName = Release;
		};
		1460EF4E2A37ADDF008A0847 /* Build configuration list for PBXNativeTarget "GoatCodeTests" */ = {
			isa = XCConfigurationList;
			buildConfigurations = (
				1460EF4F2A37ADDF008A0847 /* Debug */,
				1460EF502A37ADDF008A0847 /* Release */,
			);
			defaultConfigurationIsVisible = 0;
			defaultConfigurationName = Release;
		};
		1460EF512A37ADDF008A0847 /* Build configuration list for PBXNativeTarget "GoatCodeUITests" */ = {
			isa = XCConfigurationList;
			buildConfigurations = (
				1460EF522A37ADDF008A0847 /* Debug */,
				1460EF532A37ADDF008A0847 /* Release */,
			);
			defaultConfigurationIsVisible = 0;
			defaultConfigurationName = Release;
		};
/* End XCConfigurationList section */
	};
	rootObject = 1460EF1A2A37ADDD008A0847 /* Project object */;
}
